<?xml version="1.0" encoding="utf-8"?>
<Project ToolsVersion="4.0" xmlns="http://schemas.microsoft.com/developer/msbuild/2003">
  <ItemGroup>
    <Filter Include="Source Files">
      <UniqueIdentifier>{4FC737F1-C7A5-4376-A066-2A32D752A2FF}</UniqueIdentifier>
      <Extensions>cpp;c;cc;cxx;c++;cppm;ixx;def;odl;idl;hpj;bat;asm;asmx</Extensions>
    </Filter>
    <Filter Include="Header Files">
      <UniqueIdentifier>{93995380-89BD-4b04-88EB-625FBE52EBFB}</UniqueIdentifier>
      <Extensions>h;hh;hpp;hxx;h++;hm;inl;inc;ipp;xsd</Extensions>
    </Filter>
    <Filter Include="Resource Files">
      <UniqueIdentifier>{67DA6AB6-F800-4c08-8B7A-83BB121AAD01}</UniqueIdentifier>
      <Extensions>rc;ico;cur;bmp;dlg;rc2;rct;bin;rgs;gif;jpg;jpeg;jpe;resx;tiff;tif;png;wav;mfcribbon-ms</Extensions>
    </Filter>
    <Filter Include="Source Files\Day2">
      <UniqueIdentifier>{570ba312-77a5-447b-b3f9-1017ff754584}</UniqueIdentifier>
    </Filter>
    <Filter Include="Source Files\Day1">
      <UniqueIdentifier>{bcb17dec-5ca6-4add-b683-11f876adb1cc}</UniqueIdentifier>
    </Filter>
    <Filter Include="Source Files\Day3">
      <UniqueIdentifier>{04955c37-4ba5-4f77-83fd-215dbb7ca392}</UniqueIdentifier>
    </Filter>
  </ItemGroup>
  <ItemGroup>
    <ClCompile Include="AllDays.cpp">
      <Filter>Source Files</Filter>
    </ClCompile>
    <ClCompile Include="Day2\CubeConundrum.cpp">
      <Filter>Source Files\Day2</Filter>
    </ClCompile>
    <ClCompile Include="Day1\Trebuchet.cpp">
      <Filter>Source Files\Day1</Filter>
    </ClCompile>
    <ClCompile Include="Day3\GearRatios.cpp">
      <Filter>Source Files\Day3</Filter>
    </ClCompile>
    <ClCompile Include="Day4\ScratchCards.cpp">
      <Filter>Source Files</Filter>
    </ClCompile>
    <ClCompile Include="Common\Common.cpp">
      <Filter>Source Files</Filter>
    </ClCompile>
    <ClCompile Include="Day5\Fertilizer.cpp">
      <Filter>Source Files</Filter>
    </ClCompile>
    <ClCompile Include="Day6\Races.cpp">
      <Filter>Source Files</Filter>
    </ClCompile>
    <ClCompile Include="Day7\CamelCards.cpp">
      <Filter>Source Files</Filter>
    </ClCompile>
    <ClCompile Include="Day8\HauntedWasteland.cpp">
      <Filter>Source Files</Filter>
    </ClCompile>
    <ClCompile Include="Day9\MirageMaintenance.cpp">
      <Filter>Source Files</Filter>
    </ClCompile>
    <ClCompile Include="Day10\PipeMaze.cpp">
      <Filter>Source Files</Filter>
    </ClCompile>
    <ClCompile Include="Day11\CosmicExpansion.cpp">
      <Filter>Source Files</Filter>
    </ClCompile>
    <ClCompile Include="Day12\HotSprings.cpp">
      <Filter>Source Files</Filter>
    </ClCompile>
    <ClCompile Include="Day13\LavaIsland.cpp">
      <Filter>Source Files</Filter>
    </ClCompile>
    <ClCompile Include="Day14\ParabolicReflector.cpp">
      <Filter>Source Files</Filter>
    </ClCompile>
    <ClCompile Include="Day15\LensLibrary.cpp">
      <Filter>Source Files</Filter>
    </ClCompile>
    <ClCompile Include="Day16\FloorLava.cpp">
      <Filter>Source Files</Filter>
    </ClCompile>
  </ItemGroup>
  <ItemGroup>
    <ClInclude Include="Day2\CubeConundrum.h">
      <Filter>Source Files\Day2</Filter>
    </ClInclude>
    <ClInclude Include="Day1\Trebuchet.h">
      <Filter>Source Files\Day1</Filter>
    </ClInclude>
    <ClInclude Include="Day3\GearRatios.h">
      <Filter>Source Files\Day3</Filter>
    </ClInclude>
    <ClInclude Include="Day4\ScratchCards.h">
      <Filter>Header Files</Filter>
    </ClInclude>
    <ClInclude Include="Common\Common.h">
      <Filter>Header Files</Filter>
    </ClInclude>
    <ClInclude Include="Day5\Fertilizer.h">
      <Filter>Header Files</Filter>
    </ClInclude>
    <ClInclude Include="Day6\Races.h">
      <Filter>Header Files</Filter>
    </ClInclude>
    <ClInclude Include="Day7\CamelCards.h">
      <Filter>Header Files</Filter>
    </ClInclude>
    <ClInclude Include="Day8\HauntedWasteland.h">
      <Filter>Header Files</Filter>
    </ClInclude>
    <ClInclude Include="Day9\MirageMaintenance.h">
      <Filter>Header Files</Filter>
    </ClInclude>
    <ClInclude Include="Day10\PipeMaze.h">
      <Filter>Header Files</Filter>
    </ClInclude>
    <ClInclude Include="Day11\CosmicExpansion.h">
      <Filter>Header Files</Filter>
    </ClInclude>
    <ClInclude Include="Day12\HotSprings.h">
      <Filter>Header Files</Filter>
    </ClInclude>
    <ClInclude Include="Day13\LavaIsland.h">
      <Filter>Header Files</Filter>
    </ClInclude>
    <ClInclude Include="Day14\ParabolicReflector.h">
      <Filter>Header Files</Filter>
    </ClInclude>
    <ClInclude Include="Day15\LensLibrary.h">
      <Filter>Header Files</Filter>
    </ClInclude>
    <ClInclude Include="Day16\FloorLava.h">
      <Filter>Header Files</Filter>
    </ClInclude>
  </ItemGroup>
</Project>